// !$*UTF8*$!
{
	archiveVersion = 1;
	classes = {
	};
	objectVersion = 77;
	objects = {

/* Begin PBXBuildFile section */
		532050562DAED4470032A6D2 /* ComposableArchitecture in Frameworks */ = {isa = PBXBuildFile; productRef = 532050552DAED4470032A6D2 /* ComposableArchitecture */; };
		5320506B2DAEE4000032A6D2 /* Get in Frameworks */ = {isa = PBXBuildFile; productRef = 5320506A2DAEE4000032A6D2 /* Get */; };
		532050792DB036DC0032A6D2 /* NukeVideo in Frameworks */ = {isa = PBXBuildFile; productRef = 532050782DB036DC0032A6D2 /* NukeVideo */; };
		532050852DB039D40032A6D2 /* SystemPackage in Frameworks */ = {isa = PBXBuildFile; productRef = 532050842DB039D40032A6D2 /* SystemPackage */; };
		5320509C2DB03BCF0032A6D2 /* CachingPlayerItem in Frameworks */ = {isa = PBXBuildFile; productRef = 5320509B2DB03BCF0032A6D2 /* CachingPlayerItem */; };
		532050A82DB044BC0032A6D2 /* Pulse in Frameworks */ = {isa = PBXBuildFile; productRef = 532050A72DB044BC0032A6D2 /* Pulse */; };
		532050AA2DB044BC0032A6D2 /* PulseProxy in Frameworks */ = {isa = PBXBuildFile; productRef = 532050A92DB044BC0032A6D2 /* PulseProxy */; };
		532050AC2DB044BC0032A6D2 /* PulseUI in Frameworks */ = {isa = PBXBuildFile; productRef = 532050AB2DB044BC0032A6D2 /* PulseUI */; };
/* End PBXBuildFile section */

/* Begin PBXFileReference section */
		5320502C2DAED34E0032A6D2 /* neotrend_test.app */ = {isa = PBXFileReference; explicitFileType = wrapper.application; includeInIndex = 0; path = neotrend_test.app; sourceTree = BUILT_PRODUCTS_DIR; };
/* End PBXFileReference section */

/* Begin PBXFileSystemSynchronizedBuildFileExceptionSet section */
		5320503E2DAED34F0032A6D2 /* Exceptions for "neotrend_test" folder in "neotrend_test" target */ = {
			isa = PBXFileSystemSynchronizedBuildFileExceptionSet;
			membershipExceptions = (
				Info.plist,
			);
			target = 5320502B2DAED34E0032A6D2 /* neotrend_test */;
		};
/* End PBXFileSystemSynchronizedBuildFileExceptionSet section */

/* Begin PBXFileSystemSynchronizedRootGroup section */
		5320502E2DAED34E0032A6D2 /* neotrend_test */ = {
			isa = PBXFileSystemSynchronizedRootGroup;
			exceptions = (
				5320503E2DAED34F0032A6D2 /* Exceptions for "neotrend_test" folder in "neotrend_test" target */,
			);
			path = neotrend_test;
			sourceTree = "<group>";
		};
/* End PBXFileSystemSynchronizedRootGroup section */

/* Begin PBXFrameworksBuildPhase section */
		532050292DAED34E0032A6D2 /* Frameworks */ = {
			isa = PBXFrameworksBuildPhase;
			buildActionMask = 2147483647;
			files = (
				532050A82DB044BC0032A6D2 /* Pulse in Frameworks */,
				532050562DAED4470032A6D2 /* ComposableArchitecture in Frameworks */,
				5320509C2DB03BCF0032A6D2 /* CachingPlayerItem in Frameworks */,
				532050792DB036DC0032A6D2 /* NukeVideo in Frameworks */,
				532050852DB039D40032A6D2 /* SystemPackage in Frameworks */,
				532050AA2DB044BC0032A6D2 /* PulseProxy in Frameworks */,
				532050AC2DB044BC0032A6D2 /* PulseUI in Frameworks */,
				5320506B2DAEE4000032A6D2 /* Get in Frameworks */,
			);
			runOnlyForDeploymentPostprocessing = 0;
		};
/* End PBXFrameworksBuildPhase section */

/* Begin PBXGroup section */
		532050232DAED34E0032A6D2 = {
			isa = PBXGroup;
			children = (
				5320502E2DAED34E0032A6D2 /* neotrend_test */,
				5320502D2DAED34E0032A6D2 /* Products */,
			);
			sourceTree = "<group>";
		};
		5320502D2DAED34E0032A6D2 /* Products */ = {
			isa = PBXGroup;
			children = (
				5320502C2DAED34E0032A6D2 /* neotrend_test.app */,
			);
			name = Products;
			sourceTree = "<group>";
		};
/* End PBXGroup section */

/* Begin PBXNativeTarget section */
		5320502B2DAED34E0032A6D2 /* neotrend_test */ = {
			isa = PBXNativeTarget;
			buildConfigurationList = 5320503F2DAED34F0032A6D2 /* Build configuration list for PBXNativeTarget "neotrend_test" */;
			buildPhases = (
				532050282DAED34E0032A6D2 /* Sources */,
				532050292DAED34E0032A6D2 /* Frameworks */,
				5320502A2DAED34E0032A6D2 /* Resources */,
			);
			buildRules = (
			);
			dependencies = (
			);
			fileSystemSynchronizedGroups = (
				5320502E2DAED34E0032A6D2 /* neotrend_test */,
			);
			name = neotrend_test;
			packageProductDependencies = (
				532050552DAED4470032A6D2 /* ComposableArchitecture */,
				5320506A2DAEE4000032A6D2 /* Get */,
				532050782DB036DC0032A6D2 /* NukeVideo */,
				532050842DB039D40032A6D2 /* SystemPackage */,
				5320509B2DB03BCF0032A6D2 /* CachingPlayerItem */,
				532050A72DB044BC0032A6D2 /* Pulse */,
				532050A92DB044BC0032A6D2 /* PulseProxy */,
				532050AB2DB044BC0032A6D2 /* PulseUI */,
			);
			productName = neotrend_test;
			productReference = 5320502C2DAED34E0032A6D2 /* neotrend_test.app */;
			productType = "com.apple.product-type.application";
		};
/* End PBXNativeTarget section */

/* Begin PBXProject section */
		532050242DAED34E0032A6D2 /* Project object */ = {
			isa = PBXProject;
			attributes = {
				BuildIndependentTargetsInParallel = 1;
				LastSwiftUpdateCheck = 1630;
				LastUpgradeCheck = 1630;
				TargetAttributes = {
					5320502B2DAED34E0032A6D2 = {
						CreatedOnToolsVersion = 16.3;
					};
				};
			};
			buildConfigurationList = 532050272DAED34E0032A6D2 /* Build configuration list for PBXProject "neotrend_test" */;
			developmentRegion = en;
			hasScannedForEncodings = 0;
			knownRegions = (
				en,
				Base,
			);
			mainGroup = 532050232DAED34E0032A6D2;
			minimizedProjectReferenceProxies = 1;
			packageReferences = (
				532050542DAED4470032A6D2 /* XCRemoteSwiftPackageReference "swift-composable-architecture" */,
				532050692DAEE4000032A6D2 /* XCRemoteSwiftPackageReference "Get" */,
				532050772DB036DC0032A6D2 /* XCRemoteSwiftPackageReference "Nuke" */,
				532050832DB039D40032A6D2 /* XCRemoteSwiftPackageReference "swift-system" */,
				5320509A2DB03BCF0032A6D2 /* XCRemoteSwiftPackageReference "CachingPlayerItem" */,
				532050A62DB044BC0032A6D2 /* XCRemoteSwiftPackageReference "Pulse" */,
			);
			preferredProjectObjectVersion = 77;
			productRefGroup = 5320502D2DAED34E0032A6D2 /* Products */;
			projectDirPath = "";
			projectRoot = "";
			targets = (
				5320502B2DAED34E0032A6D2 /* neotrend_test */,
			);
		};
/* End PBXProject section */

/* Begin PBXResourcesBuildPhase section */
		5320502A2DAED34E0032A6D2 /* Resources */ = {
			isa = PBXResourcesBuildPhase;
			buildActionMask = 2147483647;
			files = (
			);
			runOnlyForDeploymentPostprocessing = 0;
		};
/* End PBXResourcesBuildPhase section */

/* Begin PBXSourcesBuildPhase section */
		532050282DAED34E0032A6D2 /* Sources */ = {
			isa = PBXSourcesBuildPhase;
			buildActionMask = 2147483647;
			files = (
			);
			runOnlyForDeploymentPostprocessing = 0;
		};
/* End PBXSourcesBuildPhase section */

/* Begin XCBuildConfiguration section */
		532050402DAED34F0032A6D2 /* Debug */ = {
			isa = XCBuildConfiguration;
			buildSettings = {
				ASSETCATALOG_COMPILER_APPICON_NAME = AppIcon;
				ASSETCATALOG_COMPILER_GLOBAL_ACCENT_COLOR_NAME = AccentColor;
				CODE_SIGN_STYLE = Automatic;
				CURRENT_PROJECT_VERSION = 1;
				DEVELOPMENT_TEAM = 7HCYY9WU95;
				GENERATE_INFOPLIST_FILE = YES;
				INFOPLIST_FILE = neotrend_test/Info.plist;
				INFOPLIST_KEY_CFBundleDisplayName = Test;
				INFOPLIST_KEY_UIApplicationSupportsIndirectInputEvents = YES;
				INFOPLIST_KEY_UILaunchStoryboardName = LaunchScreen;
				INFOPLIST_KEY_UIMainStoryboardFile = Main;
				INFOPLIST_KEY_UISupportedInterfaceOrientations = UIInterfaceOrientationPortrait;
				INFOPLIST_KEY_UISupportedInterfaceOrientations_iPad = "UIInterfaceOrientationLandscapeRight UIInterfaceOrientationPortrait";
				IPHONEOS_DEPLOYMENT_TARGET = 17.6;
				LD_RUNPATH_SEARCH_PATHS = (
					"$(inherited)",
					"@executable_path/Frameworks",
				);
				MARKETING_VERSION = 1.0;
				PRODUCT_BUNDLE_IDENTIFIER = "io.another1dd.neotrend-test";
				PRODUCT_NAME = "$(TARGET_NAME)";
				SUPPORTED_PLATFORMS = "iphoneos iphonesimulator";
				SUPPORTS_MACCATALYST = NO;
				SUPPORTS_MAC_DESIGNED_FOR_IPHONE_IPAD = NO;
				SUPPORTS_XR_DESIGNED_FOR_IPHONE_IPAD = NO;
				SWIFT_EMIT_LOC_STRINGS = YES;
				SWIFT_VERSION = 5.0;
				TARGETED_DEVICE_FAMILY = "1,2";
			};
			name = Debug;
		};
		532050412DAED34F0032A6D2 /* Release */ = {
			isa = XCBuildConfiguration;
			buildSettings = {
				ASSETCATALOG_COMPILER_APPICON_NAME = AppIcon;
				ASSETCATALOG_COMPILER_GLOBAL_ACCENT_COLOR_NAME = AccentColor;
				CODE_SIGN_STYLE = Automatic;
				CURRENT_PROJECT_VERSION = 1;
				DEVELOPMENT_TEAM = 7HCYY9WU95;
				GENERATE_INFOPLIST_FILE = YES;
				INFOPLIST_FILE = neotrend_test/Info.plist;
				INFOPLIST_KEY_CFBundleDisplayName = Test;
				INFOPLIST_KEY_UIApplicationSupportsIndirectInputEvents = YES;
				INFOPLIST_KEY_UILaunchStoryboardName = LaunchScreen;
				INFOPLIST_KEY_UIMainStoryboardFile = Main;
				INFOPLIST_KEY_UISupportedInterfaceOrientations = UIInterfaceOrientationPortrait;
				INFOPLIST_KEY_UISupportedInterfaceOrientations_iPad = "UIInterfaceOrientationLandscapeRight UIInterfaceOrientationPortrait";
				IPHONEOS_DEPLOYMENT_TARGET = 17.6;
				LD_RUNPATH_SEARCH_PATHS = (
					"$(inherited)",
					"@executable_path/Frameworks",
				);
				MARKETING_VERSION = 1.0;
				PRODUCT_BUNDLE_IDENTIFIER = "io.another1dd.neotrend-test";
				PRODUCT_NAME = "$(TARGET_NAME)";
				SUPPORTED_PLATFORMS = "iphoneos iphonesimulator";
				SUPPORTS_MACCATALYST = NO;
				SUPPORTS_MAC_DESIGNED_FOR_IPHONE_IPAD = NO;
				SUPPORTS_XR_DESIGNED_FOR_IPHONE_IPAD = NO;
				SWIFT_EMIT_LOC_STRINGS = YES;
				SWIFT_VERSION = 5.0;
				TARGETED_DEVICE_FAMILY = "1,2";
			};
			name = Release;
		};
		532050422DAED34F0032A6D2 /* Debug */ = {
			isa = XCBuildConfiguration;
			buildSettings = {
				ALWAYS_SEARCH_USER_PATHS = NO;
				ASSETCATALOG_COMPILER_GENERATE_SWIFT_ASSET_SYMBOL_EXTENSIONS = YES;
				CLANG_ANALYZER_NONNULL = YES;
				CLANG_ANALYZER_NUMBER_OBJECT_CONVERSION = YES_AGGRESSIVE;
				CLANG_CXX_LANGUAGE_STANDARD = "gnu++20";
				CLANG_ENABLE_MODULES = YES;
				CLANG_ENABLE_OBJC_ARC = YES;
				CLANG_ENABLE_OBJC_WEAK = YES;
				CLANG_WARN_BLOCK_CAPTURE_AUTORELEASING = YES;
				CLANG_WARN_BOOL_CONVERSION = YES;
				CLANG_WARN_COMMA = YES;
				CLANG_WARN_CONSTANT_CONVERSION = YES;
				CLANG_WARN_DEPRECATED_OBJC_IMPLEMENTATIONS = YES;
				CLANG_WARN_DIRECT_OBJC_ISA_USAGE = YES_ERROR;
				CLANG_WARN_DOCUMENTATION_COMMENTS = YES;
				CLANG_WARN_EMPTY_BODY = YES;
				CLANG_WARN_ENUM_CONVERSION = YES;
				CLANG_WARN_INFINITE_RECURSION = YES;
				CLANG_WARN_INT_CONVERSION = YES;
				CLANG_WARN_NON_LITERAL_NULL_CONVERSION = YES;
				CLANG_WARN_OBJC_IMPLICIT_RETAIN_SELF = YES;
				CLANG_WARN_OBJC_LITERAL_CONVERSION = YES;
				CLANG_WARN_OBJC_ROOT_CLASS = YES_ERROR;
				CLANG_WARN_QUOTED_INCLUDE_IN_FRAMEWORK_HEADER = YES;
				CLANG_WARN_RANGE_LOOP_ANALYSIS = YES;
				CLANG_WARN_STRICT_PROTOTYPES = YES;
				CLANG_WARN_SUSPICIOUS_MOVE = YES;
				CLANG_WARN_UNGUARDED_AVAILABILITY = YES_AGGRESSIVE;
				CLANG_WARN_UNREACHABLE_CODE = YES;
				CLANG_WARN__DUPLICATE_METHOD_MATCH = YES;
				COPY_PHASE_STRIP = NO;
				DEBUG_INFORMATION_FORMAT = dwarf;
				DEVELOPMENT_TEAM = 7HCYY9WU95;
				ENABLE_STRICT_OBJC_MSGSEND = YES;
				ENABLE_TESTABILITY = YES;
				ENABLE_USER_SCRIPT_SANDBOXING = YES;
				GCC_C_LANGUAGE_STANDARD = gnu17;
				GCC_DYNAMIC_NO_PIC = NO;
				GCC_NO_COMMON_BLOCKS = YES;
				GCC_OPTIMIZATION_LEVEL = 0;
				GCC_PREPROCESSOR_DEFINITIONS = (
					"DEBUG=1",
					"$(inherited)",
				);
				GCC_WARN_64_TO_32_BIT_CONVERSION = YES;
				GCC_WARN_ABOUT_RETURN_TYPE = YES_ERROR;
				GCC_WARN_UNDECLARED_SELECTOR = YES;
				GCC_WARN_UNINITIALIZED_AUTOS = YES_AGGRESSIVE;
				GCC_WARN_UNUSED_FUNCTION = YES;
				GCC_WARN_UNUSED_VARIABLE = YES;
				IPHONEOS_DEPLOYMENT_TARGET = 18.4;
				LOCALIZATION_PREFERS_STRING_CATALOGS = YES;
				MTL_ENABLE_DEBUG_INFO = INCLUDE_SOURCE;
				MTL_FAST_MATH = YES;
				ONLY_ACTIVE_ARCH = YES;
				SDKROOT = iphoneos;
				SWIFT_ACTIVE_COMPILATION_CONDITIONS = "DEBUG $(inherited)";
				SWIFT_OPTIMIZATION_LEVEL = "-Onone";
			};
			name = Debug;
		};
		532050432DAED34F0032A6D2 /* Release */ = {
			isa = XCBuildConfiguration;
			buildSettings = {
				ALWAYS_SEARCH_USER_PATHS = NO;
				ASSETCATALOG_COMPILER_GENERATE_SWIFT_ASSET_SYMBOL_EXTENSIONS = YES;
				CLANG_ANALYZER_NONNULL = YES;
				CLANG_ANALYZER_NUMBER_OBJECT_CONVERSION = YES_AGGRESSIVE;
				CLANG_CXX_LANGUAGE_STANDARD = "gnu++20";
				CLANG_ENABLE_MODULES = YES;
				CLANG_ENABLE_OBJC_ARC = YES;
				CLANG_ENABLE_OBJC_WEAK = YES;
				CLANG_WARN_BLOCK_CAPTURE_AUTORELEASING = YES;
				CLANG_WARN_BOOL_CONVERSION = YES;
				CLANG_WARN_COMMA = YES;
				CLANG_WARN_CONSTANT_CONVERSION = YES;
				CLANG_WARN_DEPRECATED_OBJC_IMPLEMENTATIONS = YES;
				CLANG_WARN_DIRECT_OBJC_ISA_USAGE = YES_ERROR;
				CLANG_WARN_DOCUMENTATION_COMMENTS = YES;
				CLANG_WARN_EMPTY_BODY = YES;
				CLANG_WARN_ENUM_CONVERSION = YES;
				CLANG_WARN_INFINITE_RECURSION = YES;
				CLANG_WARN_INT_CONVERSION = YES;
				CLANG_WARN_NON_LITERAL_NULL_CONVERSION = YES;
				CLANG_WARN_OBJC_IMPLICIT_RETAIN_SELF = YES;
				CLANG_WARN_OBJC_LITERAL_CONVERSION = YES;
				CLANG_WARN_OBJC_ROOT_CLASS = YES_ERROR;
				CLANG_WARN_QUOTED_INCLUDE_IN_FRAMEWORK_HEADER = YES;
				CLANG_WARN_RANGE_LOOP_ANALYSIS = YES;
				CLANG_WARN_STRICT_PROTOTYPES = YES;
				CLANG_WARN_SUSPICIOUS_MOVE = YES;
				CLANG_WARN_UNGUARDED_AVAILABILITY = YES_AGGRESSIVE;
				CLANG_WARN_UNREACHABLE_CODE = YES;
				CLANG_WARN__DUPLICATE_METHOD_MATCH = YES;
				COPY_PHASE_STRIP = NO;
				DEBUG_INFORMATION_FORMAT = "dwarf-with-dsym";
				DEVELOPMENT_TEAM = 7HCYY9WU95;
				ENABLE_NS_ASSERTIONS = NO;
				ENABLE_STRICT_OBJC_MSGSEND = YES;
				ENABLE_USER_SCRIPT_SANDBOXING = YES;
				GCC_C_LANGUAGE_STANDARD = gnu17;
				GCC_NO_COMMON_BLOCKS = YES;
				GCC_WARN_64_TO_32_BIT_CONVERSION = YES;
				GCC_WARN_ABOUT_RETURN_TYPE = YES_ERROR;
				GCC_WARN_UNDECLARED_SELECTOR = YES;
				GCC_WARN_UNINITIALIZED_AUTOS = YES_AGGRESSIVE;
				GCC_WARN_UNUSED_FUNCTION = YES;
				GCC_WARN_UNUSED_VARIABLE = YES;
				IPHONEOS_DEPLOYMENT_TARGET = 18.4;
				LOCALIZATION_PREFERS_STRING_CATALOGS = YES;
				MTL_ENABLE_DEBUG_INFO = NO;
				MTL_FAST_MATH = YES;
				SDKROOT = iphoneos;
				SWIFT_COMPILATION_MODE = wholemodule;
				VALIDATE_PRODUCT = YES;
			};
			name = Release;
		};
/* End XCBuildConfiguration section */

/* Begin XCConfigurationList section */
		532050272DAED34E0032A6D2 /* Build configuration list for PBXProject "neotrend_test" */ = {
			isa = XCConfigurationList;
			buildConfigurations = (
				532050422DAED34F0032A6D2 /* Debug */,
				532050432DAED34F0032A6D2 /* Release */,
			);
			defaultConfigurationIsVisible = 0;
			defaultConfigurationName = Release;
		};
		5320503F2DAED34F0032A6D2 /* Build configuration list for PBXNativeTarget "neotrend_test" */ = {
			isa = XCConfigurationList;
			buildConfigurations = (
				532050402DAED34F0032A6D2 /* Debug */,
				532050412DAED34F0032A6D2 /* Release */,
			);
			defaultConfigurationIsVisible = 0;
			defaultConfigurationName = Release;
		};
/* End XCConfigurationList section */

/* Begin XCRemoteSwiftPackageReference section */
		532050542DAED4470032A6D2 /* XCRemoteSwiftPackageReference "swift-composable-architecture" */ = {
			isa = XCRemoteSwiftPackageReference;
			repositoryURL = "https://github.com/pointfreeco/swift-composable-architecture";
			requirement = {
				kind = upToNextMajorVersion;
				minimumVersion = 1.19.0;
			};
		};
		532050692DAEE4000032A6D2 /* XCRemoteSwiftPackageReference "Get" */ = {
			isa = XCRemoteSwiftPackageReference;
			repositoryURL = "https://github.com/kean/Get";
			requirement = {
				kind = upToNextMajorVersion;
				minimumVersion = 2.2.1;
			};
		};
		532050772DB036DC0032A6D2 /* XCRemoteSwiftPackageReference "Nuke" */ = {
			isa = XCRemoteSwiftPackageReference;
			repositoryURL = "https://github.com/kean/Nuke";
			requirement = {
				kind = upToNextMajorVersion;
				minimumVersion = 12.8.0;
			};
		};
		532050832DB039D40032A6D2 /* XCRemoteSwiftPackageReference "swift-system" */ = {
			isa = XCRemoteSwiftPackageReference;
			repositoryURL = "https://github.com/apple/swift-system";
			requirement = {
				kind = upToNextMajorVersion;
				minimumVersion = 1.4.2;
			};
		};
		5320509A2DB03BCF0032A6D2 /* XCRemoteSwiftPackageReference "CachingPlayerItem" */ = {
			isa = XCRemoteSwiftPackageReference;
			repositoryURL = "https://github.com/sukov/CachingPlayerItem.git";
			requirement = {
				kind = upToNextMajorVersion;
				minimumVersion = 2.0.2;
			};
		};
		532050A62DB044BC0032A6D2 /* XCRemoteSwiftPackageReference "Pulse" */ = {
			isa = XCRemoteSwiftPackageReference;
			repositoryURL = "https://github.com/kean/Pulse";
			requirement = {
				kind = upToNextMajorVersion;
				minimumVersion = 5.1.4;
			};
		};
/* End XCRemoteSwiftPackageReference section */

/* Begin XCSwiftPackageProductDependency section */
		532050552DAED4470032A6D2 /* ComposableArchitecture */ = {
			isa = XCSwiftPackageProductDependency;
			package = 532050542DAED4470032A6D2 /* XCRemoteSwiftPackageReference "swift-composable-architecture" */;
			productName = ComposableArchitecture;
		};
		5320506A2DAEE4000032A6D2 /* Get */ = {
			isa = XCSwiftPackageProductDependency;
			package = 532050692DAEE4000032A6D2 /* XCRemoteSwiftPackageReference "Get" */;
			productName = Get;
		};
		532050782DB036DC0032A6D2 /* NukeVideo */ = {
			isa = XCSwiftPackageProductDependency;
			package = 532050772DB036DC0032A6D2 /* XCRemoteSwiftPackageReference "Nuke" */;
			productName = NukeVideo;
		};
		532050842DB039D40032A6D2 /* SystemPackage */ = {
			isa = XCSwiftPackageProductDependency;
			package = 532050832DB039D40032A6D2 /* XCRemoteSwiftPackageReference "swift-system" */;
			productName = SystemPackage;
		};
		5320509B2DB03BCF0032A6D2 /* CachingPlayerItem */ = {
			isa = XCSwiftPackageProductDependency;
			package = 5320509A2DB03BCF0032A6D2 /* XCRemoteSwiftPackageReference "CachingPlayerItem" */;
			productName = CachingPlayerItem;
		};
		532050A72DB044BC0032A6D2 /* Pulse */ = {
			isa = XCSwiftPackageProductDependency;
			package = 532050A62DB044BC0032A6D2 /* XCRemoteSwiftPackageReference "Pulse" */;
			productName = Pulse;
		};
		532050A92DB044BC0032A6D2 /* PulseProxy */ = {
			isa = XCSwiftPackageProductDependency;
			package = 532050A62DB044BC0032A6D2 /* XCRemoteSwiftPackageReference "Pulse" */;
			productName = PulseProxy;
		};
		532050AB2DB044BC0032A6D2 /* PulseUI */ = {
			isa = XCSwiftPackageProductDependency;
			package = 532050A62DB044BC0032A6D2 /* XCRemoteSwiftPackageReference "Pulse" */;
			productName = PulseUI;
		};
/* End XCSwiftPackageProductDependency section */
	};
	rootObject = 532050242DAED34E0032A6D2 /* Project object */;
}
